PODS:
  - Mapzen-ios-sdk (1.0.0):
    - Mapzen-ios-sdk/Core (= 1.0.0)
  - Mapzen-ios-sdk/Core (1.0.0):
    - OnTheRoad (~> 1.0.0)
    - Pelias (~> 1.0.0)
    - Tangram-es (~> 0.5.1)
  - OnTheRoad (1.0.0)
  - Pelias (1.0.0):
    - Pelias/Core (= 1.0.0)
  - Pelias/Core (1.0.0)
  - Tangram-es (0.5.1)

DEPENDENCIES:
  - Mapzen-ios-sdk (from `https://github.com/mapzen/ios.git`, branch `podspecSubmodule`)

EXTERNAL SOURCES:
  Mapzen-ios-sdk:
    :branch: podspecSubmodule
    :git: https://github.com/mapzen/ios.git
    :submodules: true

CHECKOUT OPTIONS:
  Mapzen-ios-sdk:
    :commit: 2306d8e1a83b095e51293f15d1a0d87e10a24eab
    :git: https://github.com/mapzen/ios.git
    :submodules: true

SPEC CHECKSUMS:
  Mapzen-ios-sdk: 0dada9376668810a84742799a9cba3bb8c997899
  OnTheRoad: 23aeab6259df1bc005457795e255730178c97fdf
  Pelias: 2e48c190c0e3eb89d7f534df0fad9c0fa3962dd2
  Tangram-es: 5c558140e072edf59d113fa9d0580c61440a530b

PODFILE CHECKSUM: ec8ace476532043368683a10c3d4a59c9acfdff1

COCOAPODS: 1.2.0
