PODS:
  - Mapzen-ios-sdk (1.0.0):
    - Mapzen-ios-sdk/Core (= 1.0.0)
  - Mapzen-ios-sdk/Core (1.0.0):
    - OnTheRoad (~> 1.0.0)
    - Pelias (~> 1.0.0)
    - Tangram-es (~> 0.5.1)
  - OnTheRoad (1.0.0)
  - Pelias (1.0.0):
    - Pelias/Core (= 1.0.0)
  - Pelias/Core (1.0.0)
  - Tangram-es (0.5.1)

DEPENDENCIES:
  - Mapzen-ios-sdk (from `https://github.com/mapzen/ios.git`, branch `podspecUpdate`)

EXTERNAL SOURCES:
  Mapzen-ios-sdk:
    :branch: podspecUpdate
    :git: https://github.com/mapzen/ios.git

CHECKOUT OPTIONS:
  Mapzen-ios-sdk:
    :commit: b4aea6d1f7927c5b72526115b1fdc996e16bc449
    :git: https://github.com/mapzen/ios.git

SPEC CHECKSUMS:
  Mapzen-ios-sdk: d984b191525f8384db8dd3ce001916273b991b99
  OnTheRoad: 23aeab6259df1bc005457795e255730178c97fdf
  Pelias: 2e48c190c0e3eb89d7f534df0fad9c0fa3962dd2
  Tangram-es: 5c558140e072edf59d113fa9d0580c61440a530b

PODFILE CHECKSUM: f0662937dae9df5ec2fbd7afb948186f39dc821c

COCOAPODS: 1.2.0
